
Microsoft Visual Studio Solution File, Format Version 12.00
# Visual Studio Version 16
VisualStudioVersion = 16.0.30523.141
MinimumVisualStudioVersion = 10.0.40219.1
Project("{8BC9CEB8-8B4A-11D0-8D11-00A0C91BC942}") = "HW2-3_Class_MyIntStack_Constructor", "HW2-3_Class_MyIntStack_Constructor\HW2-3_Class_MyIntStack_Constructor.vcxproj", "{D0037CF8-6B94-45A2-A2C9-23C4603F5E3E}"
EndProject
Global
	GlobalSection(SolutionConfigurationPlatforms) = preSolution
		Debug|x64 = Debug|x64
		Debug|x86 = Debug|x86
		Release|x64 = Release|x64
		Release|x86 = Release|x86
	EndGlobalSection
	GlobalSection(ProjectConfigurationPlatforms) = postSolution
		{D0037CF8-6B94-45A2-A2C9-23C4603F5E3E}.Debug|x64.ActiveCfg = Debug|x64
		{D0037CF8-6B94-45A2-A2C9-23C4603F5E3E}.Debug|x64.Build.0 = Debug|x64
		{D0037CF8-6B94-45A2-A2C9-23C4603F5E3E}.Debug|x86.ActiveCfg = Debug|Win32
		{D0037CF8-6B94-45A2-A2C9-23C4603F5E3E}.Debug|x86.Build.0 = Debug|Win32
		{D0037CF8-6B94-45A2-A2C9-23C4603F5E3E}.Release|x64.ActiveCfg = Release|x64
		{D0037CF8-6B94-45A2-A2C9-23C4603F5E3E}.Release|x64.Build.0 = Release|x64
		{D0037CF8-6B94-45A2-A2C9-23C4603F5E3E}.Release|x86.ActiveCfg = Release|Win32
		{D0037CF8-6B94-45A2-A2C9-23C4603F5E3E}.Release|x86.Build.0 = Release|Win32
	EndGlobalSection
	GlobalSection(SolutionProperties) = preSolution
		HideSolutionNode = FALSE
	EndGlobalSection
	GlobalSection(ExtensibilityGlobals) = postSolution
		SolutionGuid = {4681E8D1-EDB1-4F10-BCAA-15E5838B6BB5}
	EndGlobalSection
EndGlobal
