
Microsoft Visual Studio Solution File, Format Version 12.00
# Visual Studio Version 16
VisualStudioVersion = 16.0.30523.141
MinimumVisualStudioVersion = 10.0.40219.1
Project("{8BC9CEB8-8B4A-11D0-8D11-00A0C91BC942}") = "HW2-5_Class_Board", "HW2-5_Class_Board\HW2-5_Class_Board.vcxproj", "{86240FA5-A0BC-4739-9C57-62B24F0B82D5}"
EndProject
Global
	GlobalSection(SolutionConfigurationPlatforms) = preSolution
		Debug|x64 = Debug|x64
		Debug|x86 = Debug|x86
		Release|x64 = Release|x64
		Release|x86 = Release|x86
	EndGlobalSection
	GlobalSection(ProjectConfigurationPlatforms) = postSolution
		{86240FA5-A0BC-4739-9C57-62B24F0B82D5}.Debug|x64.ActiveCfg = Debug|x64
		{86240FA5-A0BC-4739-9C57-62B24F0B82D5}.Debug|x64.Build.0 = Debug|x64
		{86240FA5-A0BC-4739-9C57-62B24F0B82D5}.Debug|x86.ActiveCfg = Debug|Win32
		{86240FA5-A0BC-4739-9C57-62B24F0B82D5}.Debug|x86.Build.0 = Debug|Win32
		{86240FA5-A0BC-4739-9C57-62B24F0B82D5}.Release|x64.ActiveCfg = Release|x64
		{86240FA5-A0BC-4739-9C57-62B24F0B82D5}.Release|x64.Build.0 = Release|x64
		{86240FA5-A0BC-4739-9C57-62B24F0B82D5}.Release|x86.ActiveCfg = Release|Win32
		{86240FA5-A0BC-4739-9C57-62B24F0B82D5}.Release|x86.Build.0 = Release|Win32
	EndGlobalSection
	GlobalSection(SolutionProperties) = preSolution
		HideSolutionNode = FALSE
	EndGlobalSection
	GlobalSection(ExtensibilityGlobals) = postSolution
		SolutionGuid = {F12DF9AA-7A9B-4110-B95B-BBD4926BF63A}
	EndGlobalSection
EndGlobal
